
Microsoft Visual Studio Solution File, Format Version 12.00
# Visual Studio Version 16
VisualStudioVersion = 16.0.29201.188
MinimumVisualStudioVersion = 10.0.40219.1
Project("{8BC9CEB8-8B4A-11D0-8D11-00A0C91BC942}") = "MediaApi", "src\MediaApi\MediaApi.vcxproj", "{B0F4C43C-1291-4128-B98C-25FEFCD22020}"
EndProject
Project("{9A19103F-16F7-4668-BE54-9A1E7A4F7556}") = "SharpPlayer", "src\SharpPlayer\SharpPlayer.csproj", "{26F37962-D673-4362-A32E-F18D0A858C85}"
EndProject
Project("{8BC9CEB8-8B4A-11D0-8D11-00A0C91BC942}") = "BuildRustProjects", "src\BuildRustProjects.vcxproj", "{28A9E2C4-5DFE-4ECA-90C6-352C0018F237}"
	ProjectSection(ProjectDependencies) = postProject
		{B0F4C43C-1291-4128-B98C-25FEFCD22020} = {B0F4C43C-1291-4128-B98C-25FEFCD22020}
	EndProjectSection
EndProject
Project("{8BC9CEB8-8B4A-11D0-8D11-00A0C91BC942}") = "FFplay", "src\FFplay\FFplay.vcxproj", "{9A43AD71-2D06-4777-8B31-A6F4E2EF1907}"
EndProject
Project("{2150E333-8FDC-42A3-9474-1A3956D46DE8}") = "Demo", "Demo", "{616147E9-9DF9-426A-B404-8569E9B100A9}"
EndProject
Project("{8BC9CEB8-8B4A-11D0-8D11-00A0C91BC942}") = "VideoRendererBackground", "demo\VideoRendererBackground\VideoRendererBackground.vcxproj", "{D36CE410-C33B-4A91-8B6D-DC2560475D7F}"
	ProjectSection(ProjectDependencies) = postProject
		{B0F4C43C-1291-4128-B98C-25FEFCD22020} = {B0F4C43C-1291-4128-B98C-25FEFCD22020}
	EndProjectSection
EndProject
Project("{2150E333-8FDC-42A3-9474-1A3956D46DE8}") = "Apps", "Apps", "{4A4530A1-4C54-4A40-B684-C1263B47D9C8}"
EndProject
Project("{8BC9CEB8-8B4A-11D0-8D11-00A0C91BC942}") = "MediaViewer", "src\MediaViewer\MediaViewer.vcxproj", "{94A08015-F32F-4229-9882-FDF74C0A8184}"
	ProjectSection(ProjectDependencies) = postProject
		{BEABA817-1B71-4F18-B68C-E8EA49A35F30} = {BEABA817-1B71-4F18-B68C-E8EA49A35F30}
		{B0F4C43C-1291-4128-B98C-25FEFCD22020} = {B0F4C43C-1291-4128-B98C-25FEFCD22020}
	EndProjectSection
EndProject
Project("{8BC9CEB8-8B4A-11D0-8D11-00A0C91BC942}") = "libleo", "src\Leo\libleo.vcxproj", "{BEABA817-1B71-4F18-B68C-E8EA49A35F30}"
EndProject
Project("{2150E333-8FDC-42A3-9474-1A3956D46DE8}") = "Library", "Library", "{6340FB82-7A18-46DF-A274-5896C26B9D98}"
EndProject
Project("{2150E333-8FDC-42A3-9474-1A3956D46DE8}") = "Test", "Test", "{3CB3E19E-F61E-4199-8334-161B78BBAC86}"
EndProject
Project("{8BC9CEB8-8B4A-11D0-8D11-00A0C91BC942}") = "LeoTest", "test\LeoTest\LeoTest.vcxproj", "{21100324-FF5D-47D5-9C05-FD01B5441E46}"
EndProject
Global
	GlobalSection(SolutionConfigurationPlatforms) = preSolution
		Debug|Any CPU = Debug|Any CPU
		Debug|x64 = Debug|x64
		Debug|x86 = Debug|x86
		Release|Any CPU = Release|Any CPU
		Release|x64 = Release|x64
		Release|x86 = Release|x86
	EndGlobalSection
	GlobalSection(ProjectConfigurationPlatforms) = postSolution
		{B0F4C43C-1291-4128-B98C-25FEFCD22020}.Debug|Any CPU.ActiveCfg = Debug|Win32
		{B0F4C43C-1291-4128-B98C-25FEFCD22020}.Debug|x64.ActiveCfg = Debug|x64
		{B0F4C43C-1291-4128-B98C-25FEFCD22020}.Debug|x64.Build.0 = Debug|x64
		{B0F4C43C-1291-4128-B98C-25FEFCD22020}.Debug|x86.ActiveCfg = Debug|Win32
		{B0F4C43C-1291-4128-B98C-25FEFCD22020}.Debug|x86.Build.0 = Debug|Win32
		{B0F4C43C-1291-4128-B98C-25FEFCD22020}.Release|Any CPU.ActiveCfg = Release|Win32
		{B0F4C43C-1291-4128-B98C-25FEFCD22020}.Release|x64.ActiveCfg = Release|x64
		{B0F4C43C-1291-4128-B98C-25FEFCD22020}.Release|x64.Build.0 = Release|x64
		{B0F4C43C-1291-4128-B98C-25FEFCD22020}.Release|x86.ActiveCfg = Release|Win32
		{B0F4C43C-1291-4128-B98C-25FEFCD22020}.Release|x86.Build.0 = Release|Win32
		{26F37962-D673-4362-A32E-F18D0A858C85}.Debug|Any CPU.ActiveCfg = Debug|Any CPU
		{26F37962-D673-4362-A32E-F18D0A858C85}.Debug|Any CPU.Build.0 = Debug|Any CPU
		{26F37962-D673-4362-A32E-F18D0A858C85}.Debug|x64.ActiveCfg = Debug|Any CPU
		{26F37962-D673-4362-A32E-F18D0A858C85}.Debug|x64.Build.0 = Debug|Any CPU
		{26F37962-D673-4362-A32E-F18D0A858C85}.Debug|x86.ActiveCfg = Debug|Any CPU
		{26F37962-D673-4362-A32E-F18D0A858C85}.Debug|x86.Build.0 = Debug|Any CPU
		{26F37962-D673-4362-A32E-F18D0A858C85}.Release|Any CPU.ActiveCfg = Release|Any CPU
		{26F37962-D673-4362-A32E-F18D0A858C85}.Release|Any CPU.Build.0 = Release|Any CPU
		{26F37962-D673-4362-A32E-F18D0A858C85}.Release|x64.ActiveCfg = Release|Any CPU
		{26F37962-D673-4362-A32E-F18D0A858C85}.Release|x64.Build.0 = Release|Any CPU
		{26F37962-D673-4362-A32E-F18D0A858C85}.Release|x86.ActiveCfg = Release|Any CPU
		{26F37962-D673-4362-A32E-F18D0A858C85}.Release|x86.Build.0 = Release|Any CPU
		{28A9E2C4-5DFE-4ECA-90C6-352C0018F237}.Debug|Any CPU.ActiveCfg = Debug|Win32
		{28A9E2C4-5DFE-4ECA-90C6-352C0018F237}.Debug|x64.ActiveCfg = Debug|x64
		{28A9E2C4-5DFE-4ECA-90C6-352C0018F237}.Debug|x64.Build.0 = Debug|x64
		{28A9E2C4-5DFE-4ECA-90C6-352C0018F237}.Debug|x86.ActiveCfg = Debug|Win32
		{28A9E2C4-5DFE-4ECA-90C6-352C0018F237}.Debug|x86.Build.0 = Debug|Win32
		{28A9E2C4-5DFE-4ECA-90C6-352C0018F237}.Release|Any CPU.ActiveCfg = Release|Win32
		{28A9E2C4-5DFE-4ECA-90C6-352C0018F237}.Release|x64.ActiveCfg = Release|x64
		{28A9E2C4-5DFE-4ECA-90C6-352C0018F237}.Release|x64.Build.0 = Release|x64
		{28A9E2C4-5DFE-4ECA-90C6-352C0018F237}.Release|x86.ActiveCfg = Release|Win32
		{28A9E2C4-5DFE-4ECA-90C6-352C0018F237}.Release|x86.Build.0 = Release|Win32
		{9A43AD71-2D06-4777-8B31-A6F4E2EF1907}.Debug|Any CPU.ActiveCfg = Debug|Win32
		{9A43AD71-2D06-4777-8B31-A6F4E2EF1907}.Debug|x64.ActiveCfg = Debug|x64
		{9A43AD71-2D06-4777-8B31-A6F4E2EF1907}.Debug|x64.Build.0 = Debug|x64
		{9A43AD71-2D06-4777-8B31-A6F4E2EF1907}.Debug|x86.ActiveCfg = Debug|Win32
		{9A43AD71-2D06-4777-8B31-A6F4E2EF1907}.Debug|x86.Build.0 = Debug|Win32
		{9A43AD71-2D06-4777-8B31-A6F4E2EF1907}.Release|Any CPU.ActiveCfg = Release|Win32
		{9A43AD71-2D06-4777-8B31-A6F4E2EF1907}.Release|x64.ActiveCfg = Release|x64
		{9A43AD71-2D06-4777-8B31-A6F4E2EF1907}.Release|x64.Build.0 = Release|x64
		{9A43AD71-2D06-4777-8B31-A6F4E2EF1907}.Release|x86.ActiveCfg = Release|Win32
		{9A43AD71-2D06-4777-8B31-A6F4E2EF1907}.Release|x86.Build.0 = Release|Win32
		{D36CE410-C33B-4A91-8B6D-DC2560475D7F}.Debug|Any CPU.ActiveCfg = Debug|Win32
		{D36CE410-C33B-4A91-8B6D-DC2560475D7F}.Debug|x64.ActiveCfg = Debug|x64
		{D36CE410-C33B-4A91-8B6D-DC2560475D7F}.Debug|x64.Build.0 = Debug|x64
		{D36CE410-C33B-4A91-8B6D-DC2560475D7F}.Debug|x86.ActiveCfg = Debug|Win32
		{D36CE410-C33B-4A91-8B6D-DC2560475D7F}.Debug|x86.Build.0 = Debug|Win32
		{D36CE410-C33B-4A91-8B6D-DC2560475D7F}.Release|Any CPU.ActiveCfg = Release|Win32
		{D36CE410-C33B-4A91-8B6D-DC2560475D7F}.Release|x64.ActiveCfg = Release|x64
		{D36CE410-C33B-4A91-8B6D-DC2560475D7F}.Release|x64.Build.0 = Release|x64
		{D36CE410-C33B-4A91-8B6D-DC2560475D7F}.Release|x86.ActiveCfg = Release|Win32
		{D36CE410-C33B-4A91-8B6D-DC2560475D7F}.Release|x86.Build.0 = Release|Win32
		{94A08015-F32F-4229-9882-FDF74C0A8184}.Debug|Any CPU.ActiveCfg = Debug|Win32
		{94A08015-F32F-4229-9882-FDF74C0A8184}.Debug|x64.ActiveCfg = Debug|x64
		{94A08015-F32F-4229-9882-FDF74C0A8184}.Debug|x64.Build.0 = Debug|x64
		{94A08015-F32F-4229-9882-FDF74C0A8184}.Debug|x86.ActiveCfg = Debug|Win32
		{94A08015-F32F-4229-9882-FDF74C0A8184}.Debug|x86.Build.0 = Debug|Win32
		{94A08015-F32F-4229-9882-FDF74C0A8184}.Release|Any CPU.ActiveCfg = Release|Win32
		{94A08015-F32F-4229-9882-FDF74C0A8184}.Release|x64.ActiveCfg = Release|x64
		{94A08015-F32F-4229-9882-FDF74C0A8184}.Release|x64.Build.0 = Release|x64
		{94A08015-F32F-4229-9882-FDF74C0A8184}.Release|x86.ActiveCfg = Release|Win32
		{94A08015-F32F-4229-9882-FDF74C0A8184}.Release|x86.Build.0 = Release|Win32
		{BEABA817-1B71-4F18-B68C-E8EA49A35F30}.Debug|Any CPU.ActiveCfg = Debug|Win32
		{BEABA817-1B71-4F18-B68C-E8EA49A35F30}.Debug|x64.ActiveCfg = Debug|x64
		{BEABA817-1B71-4F18-B68C-E8EA49A35F30}.Debug|x64.Build.0 = Debug|x64
		{BEABA817-1B71-4F18-B68C-E8EA49A35F30}.Debug|x86.ActiveCfg = Debug|Win32
		{BEABA817-1B71-4F18-B68C-E8EA49A35F30}.Debug|x86.Build.0 = Debug|Win32
		{BEABA817-1B71-4F18-B68C-E8EA49A35F30}.Release|Any CPU.ActiveCfg = Release|Win32
		{BEABA817-1B71-4F18-B68C-E8EA49A35F30}.Release|x64.ActiveCfg = Release|x64
		{BEABA817-1B71-4F18-B68C-E8EA49A35F30}.Release|x64.Build.0 = Release|x64
		{BEABA817-1B71-4F18-B68C-E8EA49A35F30}.Release|x86.ActiveCfg = Release|Win32
		{BEABA817-1B71-4F18-B68C-E8EA49A35F30}.Release|x86.Build.0 = Release|Win32
		{21100324-FF5D-47D5-9C05-FD01B5441E46}.Debug|Any CPU.ActiveCfg = Debug|Win32
		{21100324-FF5D-47D5-9C05-FD01B5441E46}.Debug|x64.ActiveCfg = Debug|x64
		{21100324-FF5D-47D5-9C05-FD01B5441E46}.Debug|x64.Build.0 = Debug|x64
		{21100324-FF5D-47D5-9C05-FD01B5441E46}.Debug|x86.ActiveCfg = Debug|Win32
		{21100324-FF5D-47D5-9C05-FD01B5441E46}.Debug|x86.Build.0 = Debug|Win32
		{21100324-FF5D-47D5-9C05-FD01B5441E46}.Release|Any CPU.ActiveCfg = Release|Win32
		{21100324-FF5D-47D5-9C05-FD01B5441E46}.Release|x64.ActiveCfg = Release|x64
		{21100324-FF5D-47D5-9C05-FD01B5441E46}.Release|x64.Build.0 = Release|x64
		{21100324-FF5D-47D5-9C05-FD01B5441E46}.Release|x86.ActiveCfg = Release|Win32
		{21100324-FF5D-47D5-9C05-FD01B5441E46}.Release|x86.Build.0 = Release|Win32
	EndGlobalSection
	GlobalSection(SolutionProperties) = preSolution
		HideSolutionNode = FALSE
	EndGlobalSection
	GlobalSection(NestedProjects) = preSolution
		{B0F4C43C-1291-4128-B98C-25FEFCD22020} = {6340FB82-7A18-46DF-A274-5896C26B9D98}
		{26F37962-D673-4362-A32E-F18D0A858C85} = {4A4530A1-4C54-4A40-B684-C1263B47D9C8}
		{9A43AD71-2D06-4777-8B31-A6F4E2EF1907} = {4A4530A1-4C54-4A40-B684-C1263B47D9C8}
		{D36CE410-C33B-4A91-8B6D-DC2560475D7F} = {616147E9-9DF9-426A-B404-8569E9B100A9}
		{94A08015-F32F-4229-9882-FDF74C0A8184} = {4A4530A1-4C54-4A40-B684-C1263B47D9C8}
		{BEABA817-1B71-4F18-B68C-E8EA49A35F30} = {6340FB82-7A18-46DF-A274-5896C26B9D98}
		{21100324-FF5D-47D5-9C05-FD01B5441E46} = {3CB3E19E-F61E-4199-8334-161B78BBAC86}
	EndGlobalSection
	GlobalSection(ExtensibilityGlobals) = postSolution
		SolutionGuid = {923CA269-D247-4666-BF63-BCF9F8ED57FC}
	EndGlobalSection
EndGlobal
