<?xml version="1.0" encoding="utf-8"?>
<Project ToolsVersion="4.0" xmlns="http://schemas.microsoft.com/developer/msbuild/2003">
  <ItemGroup>
    <Filter Include="源文件">
      <UniqueIdentifier>{4FC737F1-C7A5-4376-A066-2A32D752A2FF}</UniqueIdentifier>
      <Extensions>cpp;c;cc;cxx;def;odl;idl;hpj;bat;asm;asmx</Extensions>
    </Filter>
    <Filter Include="头文件">
      <UniqueIdentifier>{93995380-89BD-4b04-88EB-625FBE52EBFB}</UniqueIdentifier>
      <Extensions>h;hh;hpp;hxx;hm;inl;inc;ipp;xsd</Extensions>
    </Filter>
    <Filter Include="资源文件">
      <UniqueIdentifier>{67DA6AB6-F800-4c08-8B7A-83BB121AAD01}</UniqueIdentifier>
      <Extensions>rc;ico;cur;bmp;dlg;rc2;rct;bin;rgs;gif;jpg;jpeg;jpe;resx;tiff;tif;png;wav;mfcribbon-ms</Extensions>
    </Filter>
    <Filter Include="Include">
      <UniqueIdentifier>{ee99d2fb-3252-49ff-bbe6-3b9e72dfa89b}</UniqueIdentifier>
    </Filter>
    <Filter Include="Common">
      <UniqueIdentifier>{ec622aa6-bcc5-44e3-8110-9a5d16a52187}</UniqueIdentifier>
    </Filter>
    <Filter Include="Include\MediaApi">
      <UniqueIdentifier>{72aa7ba0-955d-4fa6-865f-a3ad94b2016b}</UniqueIdentifier>
    </Filter>
    <Filter Include="Graphics">
      <UniqueIdentifier>{787e7c6a-8b20-4b64-bfd2-ac657f336d34}</UniqueIdentifier>
    </Filter>
  </ItemGroup>
  <ItemGroup>
    <ClInclude Include="MediaSource.h">
      <Filter>头文件</Filter>
    </ClInclude>
    <ClInclude Include="..\Include\MediaApi.h">
      <Filter>Include</Filter>
    </ClInclude>
    <ClInclude Include="Diagnisis.h">
      <Filter>Common</Filter>
    </ClInclude>
    <ClInclude Include="ffmpeg.h">
      <Filter>Common</Filter>
    </ClInclude>
    <ClInclude Include="framework.h">
      <Filter>Common</Filter>
    </ClInclude>
    <ClInclude Include="pch.h">
      <Filter>Common</Filter>
    </ClInclude>
    <ClInclude Include="Types.h">
      <Filter>Common</Filter>
    </ClInclude>
    <ClInclude Include="..\Include\MediaApi\Config.h">
      <Filter>Include\MediaApi</Filter>
    </ClInclude>
    <ClInclude Include="..\Include\MediaApi\Error.h">
      <Filter>Include\MediaApi</Filter>
    </ClInclude>
    <ClInclude Include="..\Include\MediaApi\Types.h">
      <Filter>Include\MediaApi</Filter>
    </ClInclude>
    <ClInclude Include="..\Include\MediaApi\Graphics.h">
      <Filter>Include\MediaApi</Filter>
    </ClInclude>
    <ClInclude Include="Graphics.h">
      <Filter>Graphics</Filter>
    </ClInclude>
    <ClInclude Include="RenderTarget.h">
      <Filter>Graphics</Filter>
    </ClInclude>
    <ClInclude Include="Presenter.h">
      <Filter>Graphics</Filter>
    </ClInclude>
    <ClInclude Include="TargetView.h">
      <Filter>Graphics</Filter>
    </ClInclude>
    <ClInclude Include="Uncopyable.h">
      <Filter>Common</Filter>
    </ClInclude>
  </ItemGroup>
  <ItemGroup>
    <ClCompile Include="dllmain.cpp">
      <Filter>源文件</Filter>
    </ClCompile>
    <ClCompile Include="MediaApi.cpp">
      <Filter>源文件</Filter>
    </ClCompile>
    <ClCompile Include="MediaSource.cpp">
      <Filter>源文件</Filter>
    </ClCompile>
    <ClCompile Include="Diagnisis.cpp">
      <Filter>Common</Filter>
    </ClCompile>
    <ClCompile Include="pch.cpp">
      <Filter>Common</Filter>
    </ClCompile>
    <ClCompile Include="uuids.cpp">
      <Filter>源文件</Filter>
    </ClCompile>
    <ClCompile Include="RenderTarget.cpp">
      <Filter>Graphics</Filter>
    </ClCompile>
    <ClCompile Include="Graphics.cpp">
      <Filter>Graphics</Filter>
    </ClCompile>
    <ClCompile Include="Presenter.cpp">
      <Filter>Graphics</Filter>
    </ClCompile>
    <ClCompile Include="TargetView.cpp">
      <Filter>Graphics</Filter>
    </ClCompile>
  </ItemGroup>
  <ItemGroup>
    <None Include="MediaApi.def">
      <Filter>源文件</Filter>
    </None>
    <None Include="cpp.hint" />
  </ItemGroup>
</Project>