<?xml version="1.0" encoding="utf-8"?>
<Project ToolsVersion="4.0" xmlns="http://schemas.microsoft.com/developer/msbuild/2003">
  <ItemGroup>
    <Filter Include="源文件">
      <UniqueIdentifier>{4FC737F1-C7A5-4376-A066-2A32D752A2FF}</UniqueIdentifier>
      <Extensions>cpp;c;cc;cxx;def;odl;idl;hpj;bat;asm;asmx</Extensions>
    </Filter>
    <Filter Include="资源文件">
      <UniqueIdentifier>{67DA6AB6-F800-4c08-8B7A-83BB121AAD01}</UniqueIdentifier>
      <Extensions>rc;ico;cur;bmp;dlg;rc2;rct;bin;rgs;gif;jpg;jpeg;jpe;resx;tiff;tif;png;wav;mfcribbon-ms</Extensions>
    </Filter>
    <Filter Include="Leo">
      <UniqueIdentifier>{93995380-89BD-4b04-88EB-625FBE52EBFB}</UniqueIdentifier>
      <Extensions>h;hh;hpp;hxx;hm;inl;inc;ipp;xsd</Extensions>
    </Filter>
    <Filter Include="Leo\Details">
      <UniqueIdentifier>{5aad2abe-2ea5-4f6e-b53b-452e31dc100e}</UniqueIdentifier>
    </Filter>
    <Filter Include="Leo\Threading">
      <UniqueIdentifier>{6b4412d4-675a-4e67-9525-06ee868e0ae6}</UniqueIdentifier>
    </Filter>
    <Filter Include="Leo\Threading\Channels">
      <UniqueIdentifier>{b7824d63-ad7b-458c-8936-d59ecaf2aebd}</UniqueIdentifier>
    </Filter>
    <Filter Include="Leo\Threading\Details">
      <UniqueIdentifier>{27214cab-c712-4f3b-a48f-1e96486df5d3}</UniqueIdentifier>
    </Filter>
    <Filter Include="Leo\Tasks">
      <UniqueIdentifier>{39d90e06-be25-4a08-98d9-9175912c4b9c}</UniqueIdentifier>
    </Filter>
    <Filter Include="Leo\Tasks\Details">
      <UniqueIdentifier>{6ea47e60-7c70-4e0b-948a-d4c5ea92ec8f}</UniqueIdentifier>
    </Filter>
    <Filter Include="Leo\Tasks\Details\Platform">
      <UniqueIdentifier>{df76dfe8-b7df-42bf-b13d-a34fdcb32eb1}</UniqueIdentifier>
    </Filter>
  </ItemGroup>
  <ItemGroup>
    <ClInclude Include="Referencable.h">
      <Filter>Leo</Filter>
    </ClInclude>
    <ClInclude Include="Threading.h">
      <Filter>Leo</Filter>
    </ClInclude>
    <ClInclude Include="Result.h">
      <Filter>Leo</Filter>
    </ClInclude>
    <ClInclude Include="Error.h">
      <Filter>Leo</Filter>
    </ClInclude>
    <ClInclude Include="Details\ResultImpl.h">
      <Filter>Leo\Details</Filter>
    </ClInclude>
    <ClInclude Include="Details\TaskImpl.h">
      <Filter>Leo\Details</Filter>
    </ClInclude>
    <ClInclude Include="Details\ErrorImpl.h">
      <Filter>Leo\Details</Filter>
    </ClInclude>
    <ClInclude Include="ResultStatus.h">
      <Filter>Leo</Filter>
    </ClInclude>
    <ClInclude Include="Diagnisis.h">
      <Filter>Leo</Filter>
    </ClInclude>
    <ClInclude Include="Threading\Channels\AsyncChannel.h">
      <Filter>Leo\Threading\Channels</Filter>
    </ClInclude>
    <ClInclude Include="Threading\Channels\ObjectQueue.h">
      <Filter>Leo\Threading\Channels</Filter>
    </ClInclude>
    <ClInclude Include="Threading\Channels\SyncChannel.h">
      <Filter>Leo\Threading\Channels</Filter>
    </ClInclude>
    <ClInclude Include="Threading\Channels.h">
      <Filter>Leo\Threading</Filter>
    </ClInclude>
    <ClInclude Include="libleo.h">
      <Filter>源文件</Filter>
    </ClInclude>
    <ClInclude Include="Threading\Details\TaskImpl.h">
      <Filter>Leo\Threading\Details</Filter>
    </ClInclude>
    <ClInclude Include="Tasks.h">
      <Filter>Leo</Filter>
    </ClInclude>
    <ClInclude Include="Tasks\Task.h">
      <Filter>Leo\Tasks</Filter>
    </ClInclude>
    <ClInclude Include="Tasks\Details\TaskImpl.h">
      <Filter>Leo\Tasks\Details</Filter>
    </ClInclude>
    <ClInclude Include="Tasks\SchedulerInterface.h">
      <Filter>Leo\Tasks</Filter>
    </ClInclude>
    <ClInclude Include="Tasks\Details\Platform\WinScheduler.h">
      <Filter>Leo\Tasks\Details\Platform</Filter>
    </ClInclude>
    <ClInclude Include="Tasks\Scheduler.h">
      <Filter>Leo\Tasks</Filter>
    </ClInclude>
    <ClInclude Include="Tasks\Details\TaskHandle.h">
      <Filter>Leo\Tasks\Details</Filter>
    </ClInclude>
    <ClInclude Include="Tasks\Predefine.h">
      <Filter>Leo\Tasks</Filter>
    </ClInclude>
    <ClInclude Include="Tasks\Details\InitialTaskHandle.h">
      <Filter>Leo\Tasks\Details</Filter>
    </ClInclude>
    <ClInclude Include="Tasks\Details\ContinuationTaskHandle.h">
      <Filter>Leo\Tasks\Details</Filter>
    </ClInclude>
  </ItemGroup>
  <ItemGroup>
    <ClCompile Include="lib.cpp">
      <Filter>源文件</Filter>
    </ClCompile>
    <ClCompile Include="Threading\Channels\ObjectQueue.cpp">
      <Filter>Leo\Threading\Channels</Filter>
    </ClCompile>
    <ClCompile Include="Tasks\Details\Platform\WinScheduler.cpp">
      <Filter>Leo\Tasks\Details\Platform</Filter>
    </ClCompile>
    <ClCompile Include="Tasks\Scheduler.cpp">
      <Filter>Leo\Tasks</Filter>
    </ClCompile>
  </ItemGroup>
</Project>